
Microsoft Visual Studio Solution File, Format Version 12.00
# Visual Studio 2013
VisualStudioVersion = 12.0.21005.1
MinimumVisualStudioVersion = 10.0.40219.1
Project("{FAE04EC0-301F-11D3-BF4B-00C04F79EFBC}") = "StudentClass", "StudentClass\StudentClass.csproj", "{DB80F975-6029-42CE-91E9-B51FD37FF285}"
EndProject
Project("{FAE04EC0-301F-11D3-BF4B-00C04F79EFBC}") = "PersonClass", "PersonClass\PersonClass.csproj", "{16139F0F-AEE6-4978-853D-CCB47454DCF1}"
EndProject
Project("{FAE04EC0-301F-11D3-BF4B-00C04F79EFBC}") = "BitArrayClass", "BitArrayClass\BitArrayClass.csproj", "{F247A586-088F-406A-A370-862282A108E5}"
EndProject
Global
	GlobalSection(SolutionConfigurationPlatforms) = preSolution
		Debug|Any CPU = Debug|Any CPU
		Release|Any CPU = Release|Any CPU
	EndGlobalSection
	GlobalSection(ProjectConfigurationPlatforms) = postSolution
		{DB80F975-6029-42CE-91E9-B51FD37FF285}.Debug|Any CPU.ActiveCfg = Debug|Any CPU
		{DB80F975-6029-42CE-91E9-B51FD37FF285}.Debug|Any CPU.Build.0 = Debug|Any CPU
		{DB80F975-6029-42CE-91E9-B51FD37FF285}.Release|Any CPU.ActiveCfg = Release|Any CPU
		{DB80F975-6029-42CE-91E9-B51FD37FF285}.Release|Any CPU.Build.0 = Release|Any CPU
		{16139F0F-AEE6-4978-853D-CCB47454DCF1}.Debug|Any CPU.ActiveCfg = Debug|Any CPU
		{16139F0F-AEE6-4978-853D-CCB47454DCF1}.Debug|Any CPU.Build.0 = Debug|Any CPU
		{16139F0F-AEE6-4978-853D-CCB47454DCF1}.Release|Any CPU.ActiveCfg = Release|Any CPU
		{16139F0F-AEE6-4978-853D-CCB47454DCF1}.Release|Any CPU.Build.0 = Release|Any CPU
		{F247A586-088F-406A-A370-862282A108E5}.Debug|Any CPU.ActiveCfg = Debug|Any CPU
		{F247A586-088F-406A-A370-862282A108E5}.Debug|Any CPU.Build.0 = Debug|Any CPU
		{F247A586-088F-406A-A370-862282A108E5}.Release|Any CPU.ActiveCfg = Release|Any CPU
		{F247A586-088F-406A-A370-862282A108E5}.Release|Any CPU.Build.0 = Release|Any CPU
	EndGlobalSection
	GlobalSection(SolutionProperties) = preSolution
		HideSolutionNode = FALSE
	EndGlobalSection
EndGlobal
